{
  "name": "gatsby-remark-katex",
  "version": "1.0.10",
  "lockfileVersion": 1,
  "requires": true,
  "dependencies": {
    "katex": {
      "version": "git+https://github.com/kwangkim/KaTeX.git#b5748f29e66fada4f6a0448a926f41df724598b6",
      "requires": {
        "match-at": "0.1.1"
      }
    },
    "match-at": {
      "version": "0.1.1",
      "resolved": "https://registry.npmjs.org/match-at/-/match-at-0.1.1.tgz",
      "integrity": "sha512-h4Yd392z9mST+dzc+yjuybOGFNOZjmXIPKWjxBd1Bb23r4SmDOsk2NYCU2BMUBGbSpZqwVsZYNq26QS3xfaT3Q=="
    }
  }
}
